
Microsoft Visual Studio Solution File, Format Version 12.00
# Visual Studio Version 17
VisualStudioVersion = 17.8.34525.116
MinimumVisualStudioVersion = 10.0.40219.1
Project("{FAE04EC0-301F-11D3-BF4B-00C04F79EFBC}") = "SmartTalesAndTaskApp", "SmartTalesAndTaskApp\SmartTalesAndTaskApp.csproj", "{F65C65AE-EA43-4259-9443-CC3A60E16C40}"
EndProject
Global
	GlobalSection(SolutionConfigurationPlatforms) = preSolution
		Debug|Any CPU = Debug|Any CPU
		Release|Any CPU = Release|Any CPU
	EndGlobalSection
	GlobalSection(ProjectConfigurationPlatforms) = postSolution
		{F65C65AE-EA43-4259-9443-CC3A60E16C40}.Debug|Any CPU.ActiveCfg = Debug|Any CPU
		{F65C65AE-EA43-4259-9443-CC3A60E16C40}.Debug|Any CPU.Build.0 = Debug|Any CPU
		{F65C65AE-EA43-4259-9443-CC3A60E16C40}.Debug|Any CPU.Deploy.0 = Debug|Any CPU
		{F65C65AE-EA43-4259-9443-CC3A60E16C40}.Release|Any CPU.ActiveCfg = Release|Any CPU
		{F65C65AE-EA43-4259-9443-CC3A60E16C40}.Release|Any CPU.Build.0 = Release|Any CPU
		{F65C65AE-EA43-4259-9443-CC3A60E16C40}.Release|Any CPU.Deploy.0 = Release|Any CPU
	EndGlobalSection
	GlobalSection(SolutionProperties) = preSolution
		HideSolutionNode = FALSE
	EndGlobalSection
	GlobalSection(ExtensibilityGlobals) = postSolution
		SolutionGuid = {C8B3E708-C125-4408-8E10-EB5637FB15AC}
	EndGlobalSection
EndGlobal
